
Microsoft Visual Studio Solution File, Format Version 12.00
Project("{FAE04EC0-301F-11D3-BF4B-00C04F79EFBC}") = "WebApplication1", "WebApplication1\WebApplication1.csproj", "{CC976C70-F466-4F86-8B5B-053FBCAEC2FF}"
EndProject
Global
	GlobalSection(SolutionConfigurationPlatforms) = preSolution
		Debug|Any CPU = Debug|Any CPU
		Release|Any CPU = Release|Any CPU
	EndGlobalSection
	GlobalSection(ProjectConfigurationPlatforms) = postSolution
		{CC976C70-F466-4F86-8B5B-053FBCAEC2FF}.Debug|Any CPU.ActiveCfg = Debug|Any CPU
		{CC976C70-F466-4F86-8B5B-053FBCAEC2FF}.Debug|Any CPU.Build.0 = Debug|Any CPU
		{CC976C70-F466-4F86-8B5B-053FBCAEC2FF}.Release|Any CPU.ActiveCfg = Release|Any CPU
		{CC976C70-F466-4F86-8B5B-053FBCAEC2FF}.Release|Any CPU.Build.0 = Release|Any CPU
	EndGlobalSection
EndGlobal
